
Microsoft Visual Studio Solution File, Format Version 12.00
# Visual Studio 15
VisualStudioVersion = 15.0.26124.0
MinimumVisualStudioVersion = 15.0.26124.0
Project("{FAE04EC0-301F-11D3-BF4B-00C04F79EFBC}") = "Q1", "Q1\Q1.csproj", "{2A811E57-88A7-412C-B835-102FCD792FA8}"
EndProject
Project("{FAE04EC0-301F-11D3-BF4B-00C04F79EFBC}") = "Q1.Test", "Q1.Test\Q1.Test.csproj", "{D1202019-C49A-4F92-8CA5-6A082D5E7A26}"
EndProject
Project("{FAE04EC0-301F-11D3-BF4B-00C04F79EFBC}") = "Q2", "Q2\Q2.csproj", "{ADD9684D-952C-49A9-BE71-0E901E536E2B}"
EndProject
Project("{FAE04EC0-301F-11D3-BF4B-00C04F79EFBC}") = "Q2.Test", "Q2.Test\Q2.Test.csproj", "{C6ABC107-63AE-40FD-8A39-C37FC0284952}"
EndProject
Project("{FAE04EC0-301F-11D3-BF4B-00C04F79EFBC}") = "SharedModules", "SharedModules\SharedModules.csproj", "{4CB489AB-C9BB-41CB-BD83-188E72237B99}"
EndProject
Project("{FAE04EC0-301F-11D3-BF4B-00C04F79EFBC}") = "SharedModules.Test", "SharedModules.Test\SharedModules.Test.csproj", "{8FB29220-EB90-4767-A567-B26D92B13217}"
EndProject
Project("{FAE04EC0-301F-11D3-BF4B-00C04F79EFBC}") = "Q2.DataPipeline", "Q2.DataPipeline\Q2.DataPipeline.csproj", "{DC80524A-F55F-41E2-B692-E4F94286871B}"
EndProject
Global
	GlobalSection(SolutionConfigurationPlatforms) = preSolution
		Debug|Any CPU = Debug|Any CPU
		Debug|x64 = Debug|x64
		Debug|x86 = Debug|x86
		Release|Any CPU = Release|Any CPU
		Release|x64 = Release|x64
		Release|x86 = Release|x86
	EndGlobalSection
	GlobalSection(SolutionProperties) = preSolution
		HideSolutionNode = FALSE
	EndGlobalSection
	GlobalSection(ProjectConfigurationPlatforms) = postSolution
		{2A811E57-88A7-412C-B835-102FCD792FA8}.Debug|Any CPU.ActiveCfg = Debug|Any CPU
		{2A811E57-88A7-412C-B835-102FCD792FA8}.Debug|Any CPU.Build.0 = Debug|Any CPU
		{2A811E57-88A7-412C-B835-102FCD792FA8}.Debug|x64.ActiveCfg = Debug|Any CPU
		{2A811E57-88A7-412C-B835-102FCD792FA8}.Debug|x64.Build.0 = Debug|Any CPU
		{2A811E57-88A7-412C-B835-102FCD792FA8}.Debug|x86.ActiveCfg = Debug|Any CPU
		{2A811E57-88A7-412C-B835-102FCD792FA8}.Debug|x86.Build.0 = Debug|Any CPU
		{2A811E57-88A7-412C-B835-102FCD792FA8}.Release|Any CPU.ActiveCfg = Release|Any CPU
		{2A811E57-88A7-412C-B835-102FCD792FA8}.Release|Any CPU.Build.0 = Release|Any CPU
		{2A811E57-88A7-412C-B835-102FCD792FA8}.Release|x64.ActiveCfg = Release|Any CPU
		{2A811E57-88A7-412C-B835-102FCD792FA8}.Release|x64.Build.0 = Release|Any CPU
		{2A811E57-88A7-412C-B835-102FCD792FA8}.Release|x86.ActiveCfg = Release|Any CPU
		{2A811E57-88A7-412C-B835-102FCD792FA8}.Release|x86.Build.0 = Release|Any CPU
		{D1202019-C49A-4F92-8CA5-6A082D5E7A26}.Debug|Any CPU.ActiveCfg = Debug|Any CPU
		{D1202019-C49A-4F92-8CA5-6A082D5E7A26}.Debug|Any CPU.Build.0 = Debug|Any CPU
		{D1202019-C49A-4F92-8CA5-6A082D5E7A26}.Debug|x64.ActiveCfg = Debug|Any CPU
		{D1202019-C49A-4F92-8CA5-6A082D5E7A26}.Debug|x64.Build.0 = Debug|Any CPU
		{D1202019-C49A-4F92-8CA5-6A082D5E7A26}.Debug|x86.ActiveCfg = Debug|Any CPU
		{D1202019-C49A-4F92-8CA5-6A082D5E7A26}.Debug|x86.Build.0 = Debug|Any CPU
		{D1202019-C49A-4F92-8CA5-6A082D5E7A26}.Release|Any CPU.ActiveCfg = Release|Any CPU
		{D1202019-C49A-4F92-8CA5-6A082D5E7A26}.Release|Any CPU.Build.0 = Release|Any CPU
		{D1202019-C49A-4F92-8CA5-6A082D5E7A26}.Release|x64.ActiveCfg = Release|Any CPU
		{D1202019-C49A-4F92-8CA5-6A082D5E7A26}.Release|x64.Build.0 = Release|Any CPU
		{D1202019-C49A-4F92-8CA5-6A082D5E7A26}.Release|x86.ActiveCfg = Release|Any CPU
		{D1202019-C49A-4F92-8CA5-6A082D5E7A26}.Release|x86.Build.0 = Release|Any CPU
		{ADD9684D-952C-49A9-BE71-0E901E536E2B}.Debug|Any CPU.ActiveCfg = Debug|Any CPU
		{ADD9684D-952C-49A9-BE71-0E901E536E2B}.Debug|Any CPU.Build.0 = Debug|Any CPU
		{ADD9684D-952C-49A9-BE71-0E901E536E2B}.Debug|x64.ActiveCfg = Debug|Any CPU
		{ADD9684D-952C-49A9-BE71-0E901E536E2B}.Debug|x64.Build.0 = Debug|Any CPU
		{ADD9684D-952C-49A9-BE71-0E901E536E2B}.Debug|x86.ActiveCfg = Debug|Any CPU
		{ADD9684D-952C-49A9-BE71-0E901E536E2B}.Debug|x86.Build.0 = Debug|Any CPU
		{ADD9684D-952C-49A9-BE71-0E901E536E2B}.Release|Any CPU.ActiveCfg = Release|Any CPU
		{ADD9684D-952C-49A9-BE71-0E901E536E2B}.Release|Any CPU.Build.0 = Release|Any CPU
		{ADD9684D-952C-49A9-BE71-0E901E536E2B}.Release|x64.ActiveCfg = Release|Any CPU
		{ADD9684D-952C-49A9-BE71-0E901E536E2B}.Release|x64.Build.0 = Release|Any CPU
		{ADD9684D-952C-49A9-BE71-0E901E536E2B}.Release|x86.ActiveCfg = Release|Any CPU
		{ADD9684D-952C-49A9-BE71-0E901E536E2B}.Release|x86.Build.0 = Release|Any CPU
		{C6ABC107-63AE-40FD-8A39-C37FC0284952}.Debug|Any CPU.ActiveCfg = Debug|Any CPU
		{C6ABC107-63AE-40FD-8A39-C37FC0284952}.Debug|Any CPU.Build.0 = Debug|Any CPU
		{C6ABC107-63AE-40FD-8A39-C37FC0284952}.Debug|x64.ActiveCfg = Debug|Any CPU
		{C6ABC107-63AE-40FD-8A39-C37FC0284952}.Debug|x64.Build.0 = Debug|Any CPU
		{C6ABC107-63AE-40FD-8A39-C37FC0284952}.Debug|x86.ActiveCfg = Debug|Any CPU
		{C6ABC107-63AE-40FD-8A39-C37FC0284952}.Debug|x86.Build.0 = Debug|Any CPU
		{C6ABC107-63AE-40FD-8A39-C37FC0284952}.Release|Any CPU.ActiveCfg = Release|Any CPU
		{C6ABC107-63AE-40FD-8A39-C37FC0284952}.Release|Any CPU.Build.0 = Release|Any CPU
		{C6ABC107-63AE-40FD-8A39-C37FC0284952}.Release|x64.ActiveCfg = Release|Any CPU
		{C6ABC107-63AE-40FD-8A39-C37FC0284952}.Release|x64.Build.0 = Release|Any CPU
		{C6ABC107-63AE-40FD-8A39-C37FC0284952}.Release|x86.ActiveCfg = Release|Any CPU
		{C6ABC107-63AE-40FD-8A39-C37FC0284952}.Release|x86.Build.0 = Release|Any CPU
		{4CB489AB-C9BB-41CB-BD83-188E72237B99}.Debug|Any CPU.ActiveCfg = Debug|Any CPU
		{4CB489AB-C9BB-41CB-BD83-188E72237B99}.Debug|Any CPU.Build.0 = Debug|Any CPU
		{4CB489AB-C9BB-41CB-BD83-188E72237B99}.Debug|x64.ActiveCfg = Debug|Any CPU
		{4CB489AB-C9BB-41CB-BD83-188E72237B99}.Debug|x64.Build.0 = Debug|Any CPU
		{4CB489AB-C9BB-41CB-BD83-188E72237B99}.Debug|x86.ActiveCfg = Debug|Any CPU
		{4CB489AB-C9BB-41CB-BD83-188E72237B99}.Debug|x86.Build.0 = Debug|Any CPU
		{4CB489AB-C9BB-41CB-BD83-188E72237B99}.Release|Any CPU.ActiveCfg = Release|Any CPU
		{4CB489AB-C9BB-41CB-BD83-188E72237B99}.Release|Any CPU.Build.0 = Release|Any CPU
		{4CB489AB-C9BB-41CB-BD83-188E72237B99}.Release|x64.ActiveCfg = Release|Any CPU
		{4CB489AB-C9BB-41CB-BD83-188E72237B99}.Release|x64.Build.0 = Release|Any CPU
		{4CB489AB-C9BB-41CB-BD83-188E72237B99}.Release|x86.ActiveCfg = Release|Any CPU
		{4CB489AB-C9BB-41CB-BD83-188E72237B99}.Release|x86.Build.0 = Release|Any CPU
		{8FB29220-EB90-4767-A567-B26D92B13217}.Debug|Any CPU.ActiveCfg = Debug|Any CPU
		{8FB29220-EB90-4767-A567-B26D92B13217}.Debug|Any CPU.Build.0 = Debug|Any CPU
		{8FB29220-EB90-4767-A567-B26D92B13217}.Debug|x64.ActiveCfg = Debug|Any CPU
		{8FB29220-EB90-4767-A567-B26D92B13217}.Debug|x64.Build.0 = Debug|Any CPU
		{8FB29220-EB90-4767-A567-B26D92B13217}.Debug|x86.ActiveCfg = Debug|Any CPU
		{8FB29220-EB90-4767-A567-B26D92B13217}.Debug|x86.Build.0 = Debug|Any CPU
		{8FB29220-EB90-4767-A567-B26D92B13217}.Release|Any CPU.ActiveCfg = Release|Any CPU
		{8FB29220-EB90-4767-A567-B26D92B13217}.Release|Any CPU.Build.0 = Release|Any CPU
		{8FB29220-EB90-4767-A567-B26D92B13217}.Release|x64.ActiveCfg = Release|Any CPU
		{8FB29220-EB90-4767-A567-B26D92B13217}.Release|x64.Build.0 = Release|Any CPU
		{8FB29220-EB90-4767-A567-B26D92B13217}.Release|x86.ActiveCfg = Release|Any CPU
		{8FB29220-EB90-4767-A567-B26D92B13217}.Release|x86.Build.0 = Release|Any CPU
		{DC80524A-F55F-41E2-B692-E4F94286871B}.Debug|Any CPU.ActiveCfg = Debug|Any CPU
		{DC80524A-F55F-41E2-B692-E4F94286871B}.Debug|Any CPU.Build.0 = Debug|Any CPU
		{DC80524A-F55F-41E2-B692-E4F94286871B}.Debug|x64.ActiveCfg = Debug|Any CPU
		{DC80524A-F55F-41E2-B692-E4F94286871B}.Debug|x64.Build.0 = Debug|Any CPU
		{DC80524A-F55F-41E2-B692-E4F94286871B}.Debug|x86.ActiveCfg = Debug|Any CPU
		{DC80524A-F55F-41E2-B692-E4F94286871B}.Debug|x86.Build.0 = Debug|Any CPU
		{DC80524A-F55F-41E2-B692-E4F94286871B}.Release|Any CPU.ActiveCfg = Release|Any CPU
		{DC80524A-F55F-41E2-B692-E4F94286871B}.Release|Any CPU.Build.0 = Release|Any CPU
		{DC80524A-F55F-41E2-B692-E4F94286871B}.Release|x64.ActiveCfg = Release|Any CPU
		{DC80524A-F55F-41E2-B692-E4F94286871B}.Release|x64.Build.0 = Release|Any CPU
		{DC80524A-F55F-41E2-B692-E4F94286871B}.Release|x86.ActiveCfg = Release|Any CPU
		{DC80524A-F55F-41E2-B692-E4F94286871B}.Release|x86.Build.0 = Release|Any CPU
	EndGlobalSection
EndGlobal
